
Microsoft Visual Studio Solution File, Format Version 12.00
# Visual Studio Version 16
VisualStudioVersion = 16.0.29409.12
MinimumVisualStudioVersion = 10.0.40219.1
Project("{FAE04EC0-301F-11D3-BF4B-00C04F79EFBC}") = "Problem1", "Problem1.csproj", "{D158B51B-610E-4D29-BCD5-3947FF82F4B5}"
EndProject
Global
	GlobalSection(SolutionConfigurationPlatforms) = preSolution
		Debug|Any CPU = Debug|Any CPU
		Release|Any CPU = Release|Any CPU
	EndGlobalSection
	GlobalSection(ProjectConfigurationPlatforms) = postSolution
		{D158B51B-610E-4D29-BCD5-3947FF82F4B5}.Debug|Any CPU.ActiveCfg = Debug|Any CPU
		{D158B51B-610E-4D29-BCD5-3947FF82F4B5}.Debug|Any CPU.Build.0 = Debug|Any CPU
		{D158B51B-610E-4D29-BCD5-3947FF82F4B5}.Release|Any CPU.ActiveCfg = Release|Any CPU
		{D158B51B-610E-4D29-BCD5-3947FF82F4B5}.Release|Any CPU.Build.0 = Release|Any CPU
	EndGlobalSection
	GlobalSection(SolutionProperties) = preSolution
		HideSolutionNode = FALSE
	EndGlobalSection
	GlobalSection(ExtensibilityGlobals) = postSolution
		SolutionGuid = {C44D2F71-3243-419D-8D79-E2A8A6E5B1BD}
	EndGlobalSection
EndGlobal
